
Microsoft Visual Studio Solution File, Format Version 12.00
# Visual Studio Version 17
VisualStudioVersion = 17.0.31903.59
MinimumVisualStudioVersion = 10.0.40219.1
Project("{2150E333-8FDC-42A3-9474-1A3956D46DE8}") = "src", "src", "{827E0CD3-B72D-47B6-A68D-7590B98EB39B}"
EndProject
Project("{FAE04EC0-301F-11D3-BF4B-00C04F79EFBC}") = "MVVM.VariableBindings", "src\MVVM.VariableBindings\MVVM.VariableBindings.csproj", "{93F63642-EAB8-4E06-BDC8-B1645F98BD18}"
EndProject
Project("{FAE04EC0-301F-11D3-BF4B-00C04F79EFBC}") = "MVVM.VariableBindings.Generator", "src\MVVM.VariableBindings.Generator\MVVM.VariableBindings.Generator.csproj", "{89246177-6DF5-4AEF-80C6-F8AD2C2F3055}"
EndProject
Project("{2150E333-8FDC-42A3-9474-1A3956D46DE8}") = "samples", "samples", "{5D20AA90-6969-D8BD-9DCD-8634F4692FDA}"
EndProject
Project("{FAE04EC0-301F-11D3-BF4B-00C04F79EFBC}") = "VariableBindings.Demo", "samples\VariableBindings.Demo\VariableBindings.Demo.csproj", "{48CB70D9-5860-4A42-8CF7-969DD4C39504}"
EndProject
Global
	GlobalSection(SolutionConfigurationPlatforms) = preSolution
		Debug|Any CPU = Debug|Any CPU
		Debug|x64 = Debug|x64
		Debug|x86 = Debug|x86
		Release|Any CPU = Release|Any CPU
		Release|x64 = Release|x64
		Release|x86 = Release|x86
	EndGlobalSection
	GlobalSection(ProjectConfigurationPlatforms) = postSolution
		{93F63642-EAB8-4E06-BDC8-B1645F98BD18}.Debug|Any CPU.ActiveCfg = Debug|Any CPU
		{93F63642-EAB8-4E06-BDC8-B1645F98BD18}.Debug|Any CPU.Build.0 = Debug|Any CPU
		{93F63642-EAB8-4E06-BDC8-B1645F98BD18}.Debug|x64.ActiveCfg = Debug|Any CPU
		{93F63642-EAB8-4E06-BDC8-B1645F98BD18}.Debug|x64.Build.0 = Debug|Any CPU
		{93F63642-EAB8-4E06-BDC8-B1645F98BD18}.Debug|x86.ActiveCfg = Debug|Any CPU
		{93F63642-EAB8-4E06-BDC8-B1645F98BD18}.Debug|x86.Build.0 = Debug|Any CPU
		{93F63642-EAB8-4E06-BDC8-B1645F98BD18}.Release|Any CPU.ActiveCfg = Release|Any CPU
		{93F63642-EAB8-4E06-BDC8-B1645F98BD18}.Release|Any CPU.Build.0 = Release|Any CPU
		{93F63642-EAB8-4E06-BDC8-B1645F98BD18}.Release|x64.ActiveCfg = Release|Any CPU
		{93F63642-EAB8-4E06-BDC8-B1645F98BD18}.Release|x64.Build.0 = Release|Any CPU
		{93F63642-EAB8-4E06-BDC8-B1645F98BD18}.Release|x86.ActiveCfg = Release|Any CPU
		{93F63642-EAB8-4E06-BDC8-B1645F98BD18}.Release|x86.Build.0 = Release|Any CPU
		{89246177-6DF5-4AEF-80C6-F8AD2C2F3055}.Debug|Any CPU.ActiveCfg = Debug|Any CPU
		{89246177-6DF5-4AEF-80C6-F8AD2C2F3055}.Debug|Any CPU.Build.0 = Debug|Any CPU
		{89246177-6DF5-4AEF-80C6-F8AD2C2F3055}.Debug|x64.ActiveCfg = Debug|Any CPU
		{89246177-6DF5-4AEF-80C6-F8AD2C2F3055}.Debug|x64.Build.0 = Debug|Any CPU
		{89246177-6DF5-4AEF-80C6-F8AD2C2F3055}.Debug|x86.ActiveCfg = Debug|Any CPU
		{89246177-6DF5-4AEF-80C6-F8AD2C2F3055}.Debug|x86.Build.0 = Debug|Any CPU
		{89246177-6DF5-4AEF-80C6-F8AD2C2F3055}.Release|Any CPU.ActiveCfg = Release|Any CPU
		{89246177-6DF5-4AEF-80C6-F8AD2C2F3055}.Release|Any CPU.Build.0 = Release|Any CPU
		{89246177-6DF5-4AEF-80C6-F8AD2C2F3055}.Release|x64.ActiveCfg = Release|Any CPU
		{89246177-6DF5-4AEF-80C6-F8AD2C2F3055}.Release|x64.Build.0 = Release|Any CPU
		{89246177-6DF5-4AEF-80C6-F8AD2C2F3055}.Release|x86.ActiveCfg = Release|Any CPU
		{89246177-6DF5-4AEF-80C6-F8AD2C2F3055}.Release|x86.Build.0 = Release|Any CPU
		{48CB70D9-5860-4A42-8CF7-969DD4C39504}.Debug|Any CPU.ActiveCfg = Debug|Any CPU
		{48CB70D9-5860-4A42-8CF7-969DD4C39504}.Debug|Any CPU.Build.0 = Debug|Any CPU
		{48CB70D9-5860-4A42-8CF7-969DD4C39504}.Debug|x64.ActiveCfg = Debug|Any CPU
		{48CB70D9-5860-4A42-8CF7-969DD4C39504}.Debug|x64.Build.0 = Debug|Any CPU
		{48CB70D9-5860-4A42-8CF7-969DD4C39504}.Debug|x86.ActiveCfg = Debug|Any CPU
		{48CB70D9-5860-4A42-8CF7-969DD4C39504}.Debug|x86.Build.0 = Debug|Any CPU
		{48CB70D9-5860-4A42-8CF7-969DD4C39504}.Release|Any CPU.ActiveCfg = Release|Any CPU
		{48CB70D9-5860-4A42-8CF7-969DD4C39504}.Release|Any CPU.Build.0 = Release|Any CPU
		{48CB70D9-5860-4A42-8CF7-969DD4C39504}.Release|x64.ActiveCfg = Release|Any CPU
		{48CB70D9-5860-4A42-8CF7-969DD4C39504}.Release|x64.Build.0 = Release|Any CPU
		{48CB70D9-5860-4A42-8CF7-969DD4C39504}.Release|x86.ActiveCfg = Release|Any CPU
		{48CB70D9-5860-4A42-8CF7-969DD4C39504}.Release|x86.Build.0 = Release|Any CPU
	EndGlobalSection
	GlobalSection(SolutionProperties) = preSolution
		HideSolutionNode = FALSE
	EndGlobalSection
	GlobalSection(NestedProjects) = preSolution
		{93F63642-EAB8-4E06-BDC8-B1645F98BD18} = {827E0CD3-B72D-47B6-A68D-7590B98EB39B}
		{89246177-6DF5-4AEF-80C6-F8AD2C2F3055} = {827E0CD3-B72D-47B6-A68D-7590B98EB39B}
		{48CB70D9-5860-4A42-8CF7-969DD4C39504} = {5D20AA90-6969-D8BD-9DCD-8634F4692FDA}
	EndGlobalSection
EndGlobal
